// !$*UTF8*$!
{
	archiveVersion = 1;
	classes = {
	};
	objectVersion = 46;
	objects = {

/* Begin PBXBuildFile section */
		DA1A39D918BC66BC00067A0D /* Foundation.framework in Frameworks */ = {isa = PBXBuildFile; fileRef = DA1A39D818BC66BC00067A0D /* Foundation.framework */; };
		DA1A39DB18BC66BC00067A0D /* CoreGraphics.framework in Frameworks */ = {isa = PBXBuildFile; fileRef = DA1A39DA18BC66BC00067A0D /* CoreGraphics.framework */; };
		DA1A39DD18BC66BC00067A0D /* UIKit.framework in Frameworks */ = {isa = PBXBuildFile; fileRef = DA1A39DC18BC66BC00067A0D /* UIKit.framework */; };
		DA1A39E318BC66BC00067A0D /* InfoPlist.strings in Resources */ = {isa = PBXBuildFile; fileRef = DA1A39E118BC66BC00067A0D /* InfoPlist.strings */; };
		DA1A39E518BC66BC00067A0D /* main.m in Sources */ = {isa = PBXBuildFile; fileRef = DA1A39E418BC66BC00067A0D /* main.m */; };
		DA1A39E918BC66BD00067A0D /* AppDelegate.m in Sources */ = {isa = PBXBuildFile; fileRef = DA1A39E818BC66BD00067A0D /* AppDelegate.m */; };
		DA1A39EC18BC66BD00067A0D /* Main_iPhone.storyboard in Resources */ = {isa = PBXBuildFile; fileRef = DA1A39EA18BC66BD00067A0D /* Main_iPhone.storyboard */; };
		DA1A39EF18BC66BD00067A0D /* Main_iPad.storyboard in Resources */ = {isa = PBXBuildFile; fileRef = DA1A39ED18BC66BD00067A0D /* Main_iPad.storyboard */; };
		DA1A39F218BC66BD00067A0D /* FirstViewController.m in Sources */ = {isa = PBXBuildFile; fileRef = DA1A39F118BC66BD00067A0D /* FirstViewController.m */; };
		DA1A39F718BC66BD00067A0D /* Images.xcassets in Resources */ = {isa = PBXBuildFile; fileRef = DA1A39F618BC66BD00067A0D /* Images.xcassets */; };
		DA1A39FE18BC66BD00067A0D /* XCTest.framework in Frameworks */ = {isa = PBXBuildFile; fileRef = DA1A39FD18BC66BD00067A0D /* XCTest.framework */; };
		DA1A39FF18BC66BD00067A0D /* Foundation.framework in Frameworks */ = {isa = PBXBuildFile; fileRef = DA1A39D818BC66BC00067A0D /* Foundation.framework */; };
		DA1A3A0018BC66BD00067A0D /* UIKit.framework in Frameworks */ = {isa = PBXBuildFile; fileRef = DA1A39DC18BC66BC00067A0D /* UIKit.framework */; };
		DA1A3A0818BC66BD00067A0D /* InfoPlist.strings in Resources */ = {isa = PBXBuildFile; fileRef = DA1A3A0618BC66BD00067A0D /* InfoPlist.strings */; };
		DA1A3A0A18BC66BD00067A0D /* WordCastTests.m in Sources */ = {isa = PBXBuildFile; fileRef = DA1A3A0918BC66BD00067A0D /* WordCastTests.m */; };
		DA66488618C012C700C588F0 /* WordMessages.m in Sources */ = {isa = PBXBuildFile; fileRef = DA66488518C012C700C588F0 /* WordMessages.m */; };
		DA6648D318C019D300C588F0 /* SubscriptionTableViewController.m in Sources */ = {isa = PBXBuildFile; fileRef = DA6648D218C019D300C588F0 /* SubscriptionTableViewController.m */; };
		DA6648D518C2BD5500C588F0 /* Firebase.framework in Frameworks */ = {isa = PBXBuildFile; fileRef = DA6648D418C2BD5500C588F0 /* Firebase.framework */; };
		DA6648D718C2BD8500C588F0 /* libicucore.dylib in Frameworks */ = {isa = PBXBuildFile; fileRef = DA6648D618C2BD8500C588F0 /* libicucore.dylib */; };
		DA6648D918C2BD9300C588F0 /* libc++.dylib in Frameworks */ = {isa = PBXBuildFile; fileRef = DA6648D818C2BD9300C588F0 /* libc++.dylib */; };
		DA6648DB18C2BDAB00C588F0 /* CFNetwork.framework in Frameworks */ = {isa = PBXBuildFile; fileRef = DA6648DA18C2BDAB00C588F0 /* CFNetwork.framework */; };
		DA6648DD18C2BDB400C588F0 /* Security.framework in Frameworks */ = {isa = PBXBuildFile; fileRef = DA6648DC18C2BDB400C588F0 /* Security.framework */; };
		DA6648DF18C2BDBD00C588F0 /* SystemConfiguration.framework in Frameworks */ = {isa = PBXBuildFile; fileRef = DA6648DE18C2BDBD00C588F0 /* SystemConfiguration.framework */; };
		DAA4166E18CBE8B60052D82B /* Word.m in Sources */ = {isa = PBXBuildFile; fileRef = DAA4166D18CBE8B60052D82B /* Word.m */; };
		DAA416D018CD3E200052D82B /* airplane.psd in Resources */ = {isa = PBXBuildFile; fileRef = DAA416AE18CD3E1F0052D82B /* airplane.psd */; };
		DAA416D118CD3E200052D82B /* App Icon Template [3.3].atn in Resources */ = {isa = PBXBuildFile; fileRef = DAA416B018CD3E1F0052D82B /* App Icon Template [3.3].atn */; };
		DAA416D218CD3E200052D82B /* App Icon Template [3.3].psd in Resources */ = {isa = PBXBuildFile; fileRef = DAA416B118CD3E1F0052D82B /* App Icon Template [3.3].psd */; };
		DAA416D318CD3E200052D82B /* readme.rtf in Resources */ = {isa = PBXBuildFile; fileRef = DAA416B218CD3E1F0052D82B /* readme.rtf */; };
		DAA416D418CD3E200052D82B /* downPlane.png in Resources */ = {isa = PBXBuildFile; fileRef = DAA416B318CD3E1F0052D82B /* downPlane.png */; };
		DAA416D518CD3E200052D82B /* AppIcon29x29.png in Resources */ = {isa = PBXBuildFile; fileRef = DAA416B618CD3E1F0052D82B /* AppIcon29x29.png */; };
		DAA416D618CD3E200052D82B /* AppIcon29x29@2x.png in Resources */ = {isa = PBXBuildFile; fileRef = DAA416B718CD3E1F0052D82B /* AppIcon29x29@2x.png */; };
		DAA416D718CD3E200052D82B /* AppIcon40x40.png in Resources */ = {isa = PBXBuildFile; fileRef = DAA416B818CD3E1F0052D82B /* AppIcon40x40.png */; };
		DAA416D818CD3E200052D82B /* AppIcon40x40@2x.png in Resources */ = {isa = PBXBuildFile; fileRef = DAA416B918CD3E1F0052D82B /* AppIcon40x40@2x.png */; };
		DAA416D918CD3E200052D82B /* AppIcon50x50.png in Resources */ = {isa = PBXBuildFile; fileRef = DAA416BA18CD3E1F0052D82B /* AppIcon50x50.png */; };
		DAA416DA18CD3E200052D82B /* AppIcon50x50@2x.png in Resources */ = {isa = PBXBuildFile; fileRef = DAA416BB18CD3E1F0052D82B /* AppIcon50x50@2x.png */; };
		DAA416DB18CD3E200052D82B /* AppIcon57x57.png in Resources */ = {isa = PBXBuildFile; fileRef = DAA416BC18CD3E1F0052D82B /* AppIcon57x57.png */; };
		DAA416DC18CD3E200052D82B /* AppIcon57x57@2x.png in Resources */ = {isa = PBXBuildFile; fileRef = DAA416BD18CD3E1F0052D82B /* AppIcon57x57@2x.png */; };
		DAA416DD18CD3E200052D82B /* AppIcon60x60.png in Resources */ = {isa = PBXBuildFile; fileRef = DAA416BE18CD3E1F0052D82B /* AppIcon60x60.png */; };
		DAA416DE18CD3E200052D82B /* AppIcon60x60@2x.png in Resources */ = {isa = PBXBuildFile; fileRef = DAA416BF18CD3E1F0052D82B /* AppIcon60x60@2x.png */; };
		DAA416DF18CD3E200052D82B /* AppIcon72x72.png in Resources */ = {isa = PBXBuildFile; fileRef = DAA416C018CD3E1F0052D82B /* AppIcon72x72.png */; };
		DAA416E018CD3E200052D82B /* AppIcon72x72@2x.png in Resources */ = {isa = PBXBuildFile; fileRef = DAA416C118CD3E1F0052D82B /* AppIcon72x72@2x.png */; };
		DAA416E118CD3E200052D82B /* AppIcon76x76.png in Resources */ = {isa = PBXBuildFile; fileRef = DAA416C218CD3E1F0052D82B /* AppIcon76x76.png */; };
		DAA416E218CD3E200052D82B /* AppIcon76x76@2x.png in Resources */ = {isa = PBXBuildFile; fileRef = DAA416C318CD3E1F0052D82B /* AppIcon76x76@2x.png */; };
		DAA416E318CD3E200052D82B /* iTunesArtwork.png in Resources */ = {isa = PBXBuildFile; fileRef = DAA416C418CD3E1F0052D82B /* iTunesArtwork.png */; };
		DAA416E418CD3E200052D82B /* iTunesArtwork@2x.png in Resources */ = {isa = PBXBuildFile; fileRef = DAA416C518CD3E1F0052D82B /* iTunesArtwork@2x.png */; };
		DAA416E518CD3E200052D82B /* Icon copy.PNG in Resources */ = {isa = PBXBuildFile; fileRef = DAA416C618CD3E1F0052D82B /* Icon copy.PNG */; };
		DAA416E618CD3E200052D82B /* Icon copy.PSB in Resources */ = {isa = PBXBuildFile; fileRef = DAA416C718CD3E1F0052D82B /* Icon copy.PSB */; };
		DAA416E718CD3E200052D82B /* Icon copy.PSD in Resources */ = {isa = PBXBuildFile; fileRef = DAA416C818CD3E1F0052D82B /* Icon copy.PSD */; };
		DAA416E818CD3E200052D82B /* icon-157359_640.png in Resources */ = {isa = PBXBuildFile; fileRef = DAA416C918CD3E1F0052D82B /* icon-157359_640.png */; };
		DAA416E918CD3E200052D82B /* launchShort.png in Resources */ = {isa = PBXBuildFile; fileRef = DAA416CA18CD3E1F0052D82B /* launchShort.png */; };
		DAA416EA18CD3E200052D82B /* launchTall.png in Resources */ = {isa = PBXBuildFile; fileRef = DAA416CB18CD3E1F0052D82B /* launchTall.png */; };
		DAA416EB18CD3E200052D82B /* send.png in Resources */ = {isa = PBXBuildFile; fileRef = DAA416CC18CD3E1F0052D82B /* send.png */; };
		DAA416EC18CD3E200052D82B /* sentMessage.png in Resources */ = {isa = PBXBuildFile; fileRef = DAA416CD18CD3E1F0052D82B /* sentMessage.png */; };
		DAA416ED18CD3E200052D82B /* sentMessage.psd in Resources */ = {isa = PBXBuildFile; fileRef = DAA416CE18CD3E1F0052D82B /* sentMessage.psd */; };
		DAA416EE18CD3E200052D82B /* upPlane.png in Resources */ = {isa = PBXBuildFile; fileRef = DAA416CF18CD3E200052D82B /* upPlane.png */; };
/* End PBXBuildFile section */

/* Begin PBXContainerItemProxy section */
		DA1A3A0118BC66BD00067A0D /* PBXContainerItemProxy */ = {
			isa = PBXContainerItemProxy;
			containerPortal = DA1A39CD18BC66BC00067A0D /* Project object */;
			proxyType = 1;
			remoteGlobalIDString = DA1A39D418BC66BC00067A0D;
			remoteInfo = WordCast;
		};
/* End PBXContainerItemProxy section */

/* Begin PBXFileReference section */
		DA1A39D518BC66BC00067A0D /* WordCast.app */ = {isa = PBXFileReference; explicitFileType = wrapper.application; includeInIndex = 0; path = WordCast.app; sourceTree = BUILT_PRODUCTS_DIR; };
		DA1A39D818BC66BC00067A0D /* Foundation.framework */ = {isa = PBXFileReference; lastKnownFileType = wrapper.framework; name = Foundation.framework; path = System/Library/Frameworks/Foundation.framework; sourceTree = SDKROOT; };
		DA1A39DA18BC66BC00067A0D /* CoreGraphics.framework */ = {isa = PBXFileReference; lastKnownFileType = wrapper.framework; name = CoreGraphics.framework; path = System/Library/Frameworks/CoreGraphics.framework; sourceTree = SDKROOT; };
		DA1A39DC18BC66BC00067A0D /* UIKit.framework */ = {isa = PBXFileReference; lastKnownFileType = wrapper.framework; name = UIKit.framework; path = System/Library/Frameworks/UIKit.framework; sourceTree = SDKROOT; };
		DA1A39E018BC66BC00067A0D /* WordCast-Info.plist */ = {isa = PBXFileReference; lastKnownFileType = text.plist.xml; path = "WordCast-Info.plist"; sourceTree = "<group>"; };
		DA1A39E218BC66BC00067A0D /* en */ = {isa = PBXFileReference; lastKnownFileType = text.plist.strings; name = en; path = en.lproj/InfoPlist.strings; sourceTree = "<group>"; };
		DA1A39E418BC66BC00067A0D /* main.m */ = {isa = PBXFileReference; lastKnownFileType = sourcecode.c.objc; path = main.m; sourceTree = "<group>"; };
		DA1A39E618BC66BC00067A0D /* WordCast-Prefix.pch */ = {isa = PBXFileReference; lastKnownFileType = sourcecode.c.h; path = "WordCast-Prefix.pch"; sourceTree = "<group>"; };
		DA1A39E718BC66BD00067A0D /* AppDelegate.h */ = {isa = PBXFileReference; lastKnownFileType = sourcecode.c.h; path = AppDelegate.h; sourceTree = "<group>"; };
		DA1A39E818BC66BD00067A0D /* AppDelegate.m */ = {isa = PBXFileReference; lastKnownFileType = sourcecode.c.objc; path = AppDelegate.m; sourceTree = "<group>"; };
		DA1A39EB18BC66BD00067A0D /* Base */ = {isa = PBXFileReference; lastKnownFileType = file.storyboard; name = Base; path = Base.lproj/Main_iPhone.storyboard; sourceTree = "<group>"; };
		DA1A39EE18BC66BD00067A0D /* Base */ = {isa = PBXFileReference; lastKnownFileType = file.storyboard; name = Base; path = Base.lproj/Main_iPad.storyboard; sourceTree = "<group>"; };
		DA1A39F018BC66BD00067A0D /* FirstViewController.h */ = {isa = PBXFileReference; lastKnownFileType = sourcecode.c.h; path = FirstViewController.h; sourceTree = "<group>"; };
		DA1A39F118BC66BD00067A0D /* FirstViewController.m */ = {isa = PBXFileReference; lastKnownFileType = sourcecode.c.objc; path = FirstViewController.m; sourceTree = "<group>"; };
		DA1A39F618BC66BD00067A0D /* Images.xcassets */ = {isa = PBXFileReference; lastKnownFileType = folder.assetcatalog; path = Images.xcassets; sourceTree = "<group>"; };
		DA1A39FC18BC66BD00067A0D /* WordCastTests.xctest */ = {isa = PBXFileReference; explicitFileType = wrapper.cfbundle; includeInIndex = 0; path = WordCastTests.xctest; sourceTree = BUILT_PRODUCTS_DIR; };
		DA1A39FD18BC66BD00067A0D /* XCTest.framework */ = {isa = PBXFileReference; lastKnownFileType = wrapper.framework; name = XCTest.framework; path = Library/Frameworks/XCTest.framework; sourceTree = DEVELOPER_DIR; };
		DA1A3A0518BC66BD00067A0D /* WordCastTests-Info.plist */ = {isa = PBXFileReference; lastKnownFileType = text.plist.xml; path = "WordCastTests-Info.plist"; sourceTree = "<group>"; };
		DA1A3A0718BC66BD00067A0D /* en */ = {isa = PBXFileReference; lastKnownFileType = text.plist.strings; name = en; path = en.lproj/InfoPlist.strings; sourceTree = "<group>"; };
		DA1A3A0918BC66BD00067A0D /* WordCastTests.m */ = {isa = PBXFileReference; lastKnownFileType = sourcecode.c.objc; path = WordCastTests.m; sourceTree = "<group>"; };
		DA66488418C012C700C588F0 /* WordMessages.h */ = {isa = PBXFileReference; fileEncoding = 4; lastKnownFileType = sourcecode.c.h; path = WordMessages.h; sourceTree = "<group>"; };
		DA66488518C012C700C588F0 /* WordMessages.m */ = {isa = PBXFileReference; fileEncoding = 4; lastKnownFileType = sourcecode.c.objc; path = WordMessages.m; sourceTree = "<group>"; };
		DA6648D118C019D300C588F0 /* SubscriptionTableViewController.h */ = {isa = PBXFileReference; fileEncoding = 4; lastKnownFileType = sourcecode.c.h; path = SubscriptionTableViewController.h; sourceTree = "<group>"; };
		DA6648D218C019D300C588F0 /* SubscriptionTableViewController.m */ = {isa = PBXFileReference; fileEncoding = 4; lastKnownFileType = sourcecode.c.objc; path = SubscriptionTableViewController.m; sourceTree = "<group>"; };
		DA6648D418C2BD5500C588F0 /* Firebase.framework */ = {isa = PBXFileReference; lastKnownFileType = wrapper.framework; name = Firebase.framework; path = ../Firebase.framework; sourceTree = "<group>"; };
		DA6648D618C2BD8500C588F0 /* libicucore.dylib */ = {isa = PBXFileReference; lastKnownFileType = "compiled.mach-o.dylib"; name = libicucore.dylib; path = usr/lib/libicucore.dylib; sourceTree = SDKROOT; };
		DA6648D818C2BD9300C588F0 /* libc++.dylib */ = {isa = PBXFileReference; lastKnownFileType = "compiled.mach-o.dylib"; name = "libc++.dylib"; path = "usr/lib/libc++.dylib"; sourceTree = SDKROOT; };
		DA6648DA18C2BDAB00C588F0 /* CFNetwork.framework */ = {isa = PBXFileReference; lastKnownFileType = wrapper.framework; name = CFNetwork.framework; path = System/Library/Frameworks/CFNetwork.framework; sourceTree = SDKROOT; };
		DA6648DC18C2BDB400C588F0 /* Security.framework */ = {isa = PBXFileReference; lastKnownFileType = wrapper.framework; name = Security.framework; path = System/Library/Frameworks/Security.framework; sourceTree = SDKROOT; };
		DA6648DE18C2BDBD00C588F0 /* SystemConfiguration.framework */ = {isa = PBXFileReference; lastKnownFileType = wrapper.framework; name = SystemConfiguration.framework; path = System/Library/Frameworks/SystemConfiguration.framework; sourceTree = SDKROOT; };
		DAA4166C18CBE8B60052D82B /* Word.h */ = {isa = PBXFileReference; fileEncoding = 4; lastKnownFileType = sourcecode.c.h; path = Word.h; sourceTree = "<group>"; };
		DAA4166D18CBE8B60052D82B /* Word.m */ = {isa = PBXFileReference; fileEncoding = 4; lastKnownFileType = sourcecode.c.objc; path = Word.m; sourceTree = "<group>"; };
		DAA416AE18CD3E1F0052D82B /* airplane.psd */ = {isa = PBXFileReference; lastKnownFileType = file; path = airplane.psd; sourceTree = "<group>"; };
		DAA416B018CD3E1F0052D82B /* App Icon Template [3.3].atn */ = {isa = PBXFileReference; lastKnownFileType = file; path = "App Icon Template [3.3].atn"; sourceTree = "<group>"; };
		DAA416B118CD3E1F0052D82B /* App Icon Template [3.3].psd */ = {isa = PBXFileReference; lastKnownFileType = file; path = "App Icon Template [3.3].psd"; sourceTree = "<group>"; };
		DAA416B218CD3E1F0052D82B /* readme.rtf */ = {isa = PBXFileReference; fileEncoding = 4; lastKnownFileType = text.rtf; path = readme.rtf; sourceTree = "<group>"; };
		DAA416B318CD3E1F0052D82B /* downPlane.png */ = {isa = PBXFileReference; lastKnownFileType = image.png; path = downPlane.png; sourceTree = "<group>"; };
		DAA416B618CD3E1F0052D82B /* AppIcon29x29.png */ = {isa = PBXFileReference; lastKnownFileType = image.png; path = AppIcon29x29.png; sourceTree = "<group>"; };
		DAA416B718CD3E1F0052D82B /* AppIcon29x29@2x.png */ = {isa = PBXFileReference; lastKnownFileType = image.png; path = "AppIcon29x29@2x.png"; sourceTree = "<group>"; };
		DAA416B818CD3E1F0052D82B /* AppIcon40x40.png */ = {isa = PBXFileReference; lastKnownFileType = image.png; path = AppIcon40x40.png; sourceTree = "<group>"; };
		DAA416B918CD3E1F0052D82B /* AppIcon40x40@2x.png */ = {isa = PBXFileReference; lastKnownFileType = image.png; path = "AppIcon40x40@2x.png"; sourceTree = "<group>"; };
		DAA416BA18CD3E1F0052D82B /* AppIcon50x50.png */ = {isa = PBXFileReference; lastKnownFileType = image.png; path = AppIcon50x50.png; sourceTree = "<group>"; };
		DAA416BB18CD3E1F0052D82B /* AppIcon50x50@2x.png */ = {isa = PBXFileReference; lastKnownFileType = image.png; path = "AppIcon50x50@2x.png"; sourceTree = "<group>"; };
		DAA416BC18CD3E1F0052D82B /* AppIcon57x57.png */ = {isa = PBXFileReference; lastKnownFileType = image.png; path = AppIcon57x57.png; sourceTree = "<group>"; };
		DAA416BD18CD3E1F0052D82B /* AppIcon57x57@2x.png */ = {isa = PBXFileReference; lastKnownFileType = image.png; path = "AppIcon57x57@2x.png"; sourceTree = "<group>"; };
		DAA416BE18CD3E1F0052D82B /* AppIcon60x60.png */ = {isa = PBXFileReference; lastKnownFileType = image.png; path = AppIcon60x60.png; sourceTree = "<group>"; };
		DAA416BF18CD3E1F0052D82B /* AppIcon60x60@2x.png */ = {isa = PBXFileReference; lastKnownFileType = image.png; path = "AppIcon60x60@2x.png"; sourceTree = "<group>"; };
		DAA416C018CD3E1F0052D82B /* AppIcon72x72.png */ = {isa = PBXFileReference; lastKnownFileType = image.png; path = AppIcon72x72.png; sourceTree = "<group>"; };
		DAA416C118CD3E1F0052D82B /* AppIcon72x72@2x.png */ = {isa = PBXFileReference; lastKnownFileType = image.png; path = "AppIcon72x72@2x.png"; sourceTree = "<group>"; };
		DAA416C218CD3E1F0052D82B /* AppIcon76x76.png */ = {isa = PBXFileReference; lastKnownFileType = image.png; path = AppIcon76x76.png; sourceTree = "<group>"; };
		DAA416C318CD3E1F0052D82B /* AppIcon76x76@2x.png */ = {isa = PBXFileReference; lastKnownFileType = image.png; path = "AppIcon76x76@2x.png"; sourceTree = "<group>"; };
		DAA416C418CD3E1F0052D82B /* iTunesArtwork.png */ = {isa = PBXFileReference; lastKnownFileType = image.png; path = iTunesArtwork.png; sourceTree = "<group>"; };
		DAA416C518CD3E1F0052D82B /* iTunesArtwork@2x.png */ = {isa = PBXFileReference; lastKnownFileType = image.png; path = "iTunesArtwork@2x.png"; sourceTree = "<group>"; };
		DAA416C618CD3E1F0052D82B /* Icon copy.PNG */ = {isa = PBXFileReference; lastKnownFileType = image.png; path = "Icon copy.PNG"; sourceTree = "<group>"; };
		DAA416C718CD3E1F0052D82B /* Icon copy.PSB */ = {isa = PBXFileReference; lastKnownFileType = file; path = "Icon copy.PSB"; sourceTree = "<group>"; };
		DAA416C818CD3E1F0052D82B /* Icon copy.PSD */ = {isa = PBXFileReference; lastKnownFileType = file; path = "Icon copy.PSD"; sourceTree = "<group>"; };
		DAA416C918CD3E1F0052D82B /* icon-157359_640.png */ = {isa = PBXFileReference; lastKnownFileType = image.png; path = "icon-157359_640.png"; sourceTree = "<group>"; };
		DAA416CA18CD3E1F0052D82B /* launchShort.png */ = {isa = PBXFileReference; lastKnownFileType = image.png; path = launchShort.png; sourceTree = "<group>"; };
		DAA416CB18CD3E1F0052D82B /* launchTall.png */ = {isa = PBXFileReference; lastKnownFileType = image.png; path = launchTall.png; sourceTree = "<group>"; };
		DAA416CC18CD3E1F0052D82B /* send.png */ = {isa = PBXFileReference; lastKnownFileType = image.png; path = send.png; sourceTree = "<group>"; };
		DAA416CD18CD3E1F0052D82B /* sentMessage.png */ = {isa = PBXFileReference; lastKnownFileType = image.png; path = sentMessage.png; sourceTree = "<group>"; };
		DAA416CE18CD3E1F0052D82B /* sentMessage.psd */ = {isa = PBXFileReference; lastKnownFileType = file; path = sentMessage.psd; sourceTree = "<group>"; };
		DAA416CF18CD3E200052D82B /* upPlane.png */ = {isa = PBXFileReference; lastKnownFileType = image.png; path = upPlane.png; sourceTree = "<group>"; };
/* End PBXFileReference section */

/* Begin PBXFrameworksBuildPhase section */
		DA1A39D218BC66BC00067A0D /* Frameworks */ = {
			isa = PBXFrameworksBuildPhase;
			buildActionMask = 2147483647;
			files = (
				DA6648DF18C2BDBD00C588F0 /* SystemConfiguration.framework in Frameworks */,
				DA6648DD18C2BDB400C588F0 /* Security.framework in Frameworks */,
				DA6648DB18C2BDAB00C588F0 /* CFNetwork.framework in Frameworks */,
				DA6648D918C2BD9300C588F0 /* libc++.dylib in Frameworks */,
				DA6648D718C2BD8500C588F0 /* libicucore.dylib in Frameworks */,
				DA1A39DB18BC66BC00067A0D /* CoreGraphics.framework in Frameworks */,
				DA1A39DD18BC66BC00067A0D /* UIKit.framework in Frameworks */,
				DA1A39D918BC66BC00067A0D /* Foundation.framework in Frameworks */,
				DA6648D518C2BD5500C588F0 /* Firebase.framework in Frameworks */,
			);
			runOnlyForDeploymentPostprocessing = 0;
		};
		DA1A39F918BC66BD00067A0D /* Frameworks */ = {
			isa = PBXFrameworksBuildPhase;
			buildActionMask = 2147483647;
			files = (
				DA1A39FE18BC66BD00067A0D /* XCTest.framework in Frameworks */,
				DA1A3A0018BC66BD00067A0D /* UIKit.framework in Frameworks */,
				DA1A39FF18BC66BD00067A0D /* Foundation.framework in Frameworks */,
			);
			runOnlyForDeploymentPostprocessing = 0;
		};
/* End PBXFrameworksBuildPhase section */

/* Begin PBXGroup section */
		DA1A39CC18BC66BC00067A0D = {
			isa = PBXGroup;
			children = (
				DA1A39DE18BC66BC00067A0D /* WordCast */,
				DA1A3A0318BC66BD00067A0D /* WordCastTests */,
				DA1A39D718BC66BC00067A0D /* Frameworks */,
				DA1A39D618BC66BC00067A0D /* Products */,
			);
			sourceTree = "<group>";
		};
		DA1A39D618BC66BC00067A0D /* Products */ = {
			isa = PBXGroup;
			children = (
				DA1A39D518BC66BC00067A0D /* WordCast.app */,
				DA1A39FC18BC66BD00067A0D /* WordCastTests.xctest */,
			);
			name = Products;
			sourceTree = "<group>";
		};
		DA1A39D718BC66BC00067A0D /* Frameworks */ = {
			isa = PBXGroup;
			children = (
				DA6648DE18C2BDBD00C588F0 /* SystemConfiguration.framework */,
				DA6648DC18C2BDB400C588F0 /* Security.framework */,
				DA6648DA18C2BDAB00C588F0 /* CFNetwork.framework */,
				DA6648D818C2BD9300C588F0 /* libc++.dylib */,
				DA6648D618C2BD8500C588F0 /* libicucore.dylib */,
				DA6648D418C2BD5500C588F0 /* Firebase.framework */,
				DA1A39D818BC66BC00067A0D /* Foundation.framework */,
				DA1A39DA18BC66BC00067A0D /* CoreGraphics.framework */,
				DA1A39DC18BC66BC00067A0D /* UIKit.framework */,
				DA1A39FD18BC66BD00067A0D /* XCTest.framework */,
			);
			name = Frameworks;
			sourceTree = "<group>";
		};
		DA1A39DE18BC66BC00067A0D /* WordCast */ = {
			isa = PBXGroup;
			children = (
				DA1A39E718BC66BD00067A0D /* AppDelegate.h */,
				DA1A39E818BC66BD00067A0D /* AppDelegate.m */,
				DA1A39EA18BC66BD00067A0D /* Main_iPhone.storyboard */,
				DA1A39ED18BC66BD00067A0D /* Main_iPad.storyboard */,
				DA1A39F018BC66BD00067A0D /* FirstViewController.h */,
				DA1A39F118BC66BD00067A0D /* FirstViewController.m */,
				DA6648D118C019D300C588F0 /* SubscriptionTableViewController.h */,
				DA6648D218C019D300C588F0 /* SubscriptionTableViewController.m */,
				DA66488418C012C700C588F0 /* WordMessages.h */,
				DA66488518C012C700C588F0 /* WordMessages.m */,
				DAA4166C18CBE8B60052D82B /* Word.h */,
				DAA4166D18CBE8B60052D82B /* Word.m */,
				DA1A39F618BC66BD00067A0D /* Images.xcassets */,
				DAA416AD18CD3E1F0052D82B /* images */,
				DA1A39DF18BC66BC00067A0D /* Supporting Files */,
			);
			path = WordCast;
			sourceTree = "<group>";
		};
		DA1A39DF18BC66BC00067A0D /* Supporting Files */ = {
			isa = PBXGroup;
			children = (
				DA1A39E018BC66BC00067A0D /* WordCast-Info.plist */,
				DA1A39E118BC66BC00067A0D /* InfoPlist.strings */,
				DA1A39E418BC66BC00067A0D /* main.m */,
				DA1A39E618BC66BC00067A0D /* WordCast-Prefix.pch */,
			);
			name = "Supporting Files";
			sourceTree = "<group>";
		};
		DA1A3A0318BC66BD00067A0D /* WordCastTests */ = {
			isa = PBXGroup;
			children = (
				DA1A3A0918BC66BD00067A0D /* WordCastTests.m */,
				DA1A3A0418BC66BD00067A0D /* Supporting Files */,
			);
			path = WordCastTests;
			sourceTree = "<group>";
		};
		DA1A3A0418BC66BD00067A0D /* Supporting Files */ = {
			isa = PBXGroup;
			children = (
				DA1A3A0518BC66BD00067A0D /* WordCastTests-Info.plist */,
				DA1A3A0618BC66BD00067A0D /* InfoPlist.strings */,
			);
			name = "Supporting Files";
			sourceTree = "<group>";
		};
		DAA416AD18CD3E1F0052D82B /* images */ = {
			isa = PBXGroup;
			children = (
				DAA416AE18CD3E1F0052D82B /* airplane.psd */,
				DAA416AF18CD3E1F0052D82B /* App Icon Template [3.3] */,
				DAA416B318CD3E1F0052D82B /* downPlane.png */,
				DAA416B418CD3E1F0052D82B /* icon */,
				DAA416C918CD3E1F0052D82B /* icon-157359_640.png */,
				DAA416CA18CD3E1F0052D82B /* launchShort.png */,
				DAA416CB18CD3E1F0052D82B /* launchTall.png */,
				DAA416CC18CD3E1F0052D82B /* send.png */,
				DAA416CD18CD3E1F0052D82B /* sentMessage.png */,
				DAA416CE18CD3E1F0052D82B /* sentMessage.psd */,
				DAA416CF18CD3E200052D82B /* upPlane.png */,
			);
			name = images;
			path = ../../images;
			sourceTree = "<group>";
		};
		DAA416AF18CD3E1F0052D82B /* App Icon Template [3.3] */ = {
			isa = PBXGroup;
			children = (
				DAA416B018CD3E1F0052D82B /* App Icon Template [3.3].atn */,
				DAA416B118CD3E1F0052D82B /* App Icon Template [3.3].psd */,
				DAA416B218CD3E1F0052D82B /* readme.rtf */,
			);
			path = "App Icon Template [3.3]";
			sourceTree = "<group>";
		};
		DAA416B418CD3E1F0052D82B /* icon */ = {
			isa = PBXGroup;
			children = (
				DAA416B518CD3E1F0052D82B /* App Icon [Rounded] */,
				DAA416C618CD3E1F0052D82B /* Icon copy.PNG */,
				DAA416C718CD3E1F0052D82B /* Icon copy.PSB */,
				DAA416C818CD3E1F0052D82B /* Icon copy.PSD */,
			);
			path = icon;
			sourceTree = "<group>";
		};
		DAA416B518CD3E1F0052D82B /* App Icon [Rounded] */ = {
			isa = PBXGroup;
			children = (
				DAA416B618CD3E1F0052D82B /* AppIcon29x29.png */,
				DAA416B718CD3E1F0052D82B /* AppIcon29x29@2x.png */,
				DAA416B818CD3E1F0052D82B /* AppIcon40x40.png */,
				DAA416B918CD3E1F0052D82B /* AppIcon40x40@2x.png */,
				DAA416BA18CD3E1F0052D82B /* AppIcon50x50.png */,
				DAA416BB18CD3E1F0052D82B /* AppIcon50x50@2x.png */,
				DAA416BC18CD3E1F0052D82B /* AppIcon57x57.png */,
				DAA416BD18CD3E1F0052D82B /* AppIcon57x57@2x.png */,
				DAA416BE18CD3E1F0052D82B /* AppIcon60x60.png */,
				DAA416BF18CD3E1F0052D82B /* AppIcon60x60@2x.png */,
				DAA416C018CD3E1F0052D82B /* AppIcon72x72.png */,
				DAA416C118CD3E1F0052D82B /* AppIcon72x72@2x.png */,
				DAA416C218CD3E1F0052D82B /* AppIcon76x76.png */,
				DAA416C318CD3E1F0052D82B /* AppIcon76x76@2x.png */,
				DAA416C418CD3E1F0052D82B /* iTunesArtwork.png */,
				DAA416C518CD3E1F0052D82B /* iTunesArtwork@2x.png */,
			);
			path = "App Icon [Rounded]";
			sourceTree = "<group>";
		};
/* End PBXGroup section */

/* Begin PBXNativeTarget section */
		DA1A39D418BC66BC00067A0D /* WordCast */ = {
			isa = PBXNativeTarget;
			buildConfigurationList = DA1A3A0D18BC66BD00067A0D /* Build configuration list for PBXNativeTarget "WordCast" */;
			buildPhases = (
				DA1A39D118BC66BC00067A0D /* Sources */,
				DA1A39D218BC66BC00067A0D /* Frameworks */,
				DA1A39D318BC66BC00067A0D /* Resources */,
			);
			buildRules = (
			);
			dependencies = (
			);
			name = WordCast;
			productName = WordCast;
			productReference = DA1A39D518BC66BC00067A0D /* WordCast.app */;
			productType = "com.apple.product-type.application";
		};
		DA1A39FB18BC66BD00067A0D /* WordCastTests */ = {
			isa = PBXNativeTarget;
			buildConfigurationList = DA1A3A1018BC66BD00067A0D /* Build configuration list for PBXNativeTarget "WordCastTests" */;
			buildPhases = (
				DA1A39F818BC66BD00067A0D /* Sources */,
				DA1A39F918BC66BD00067A0D /* Frameworks */,
				DA1A39FA18BC66BD00067A0D /* Resources */,
			);
			buildRules = (
			);
			dependencies = (
				DA1A3A0218BC66BD00067A0D /* PBXTargetDependency */,
			);
			name = WordCastTests;
			productName = WordCastTests;
			productReference = DA1A39FC18BC66BD00067A0D /* WordCastTests.xctest */;
			productType = "com.apple.product-type.bundle.unit-test";
		};
/* End PBXNativeTarget section */

/* Begin PBXProject section */
		DA1A39CD18BC66BC00067A0D /* Project object */ = {
			isa = PBXProject;
			attributes = {
				LastUpgradeCheck = 0500;
				ORGANIZATIONNAME = "Thomas Nattestad";
				TargetAttributes = {
					DA1A39D418BC66BC00067A0D = {
						DevelopmentTeam = 97Z5KLX4T8;
					};
					DA1A39FB18BC66BD00067A0D = {
						TestTargetID = DA1A39D418BC66BC00067A0D;
					};
				};
			};
			buildConfigurationList = DA1A39D018BC66BC00067A0D /* Build configuration list for PBXProject "WordCast" */;
			compatibilityVersion = "Xcode 3.2";
			developmentRegion = English;
			hasScannedForEncodings = 0;
			knownRegions = (
				en,
				Base,
			);
			mainGroup = DA1A39CC18BC66BC00067A0D;
			productRefGroup = DA1A39D618BC66BC00067A0D /* Products */;
			projectDirPath = "";
			projectRoot = "";
			targets = (
				DA1A39D418BC66BC00067A0D /* WordCast */,
				DA1A39FB18BC66BD00067A0D /* WordCastTests */,
			);
		};
/* End PBXProject section */

/* Begin PBXResourcesBuildPhase section */
		DA1A39D318BC66BC00067A0D /* Resources */ = {
			isa = PBXResourcesBuildPhase;
			buildActionMask = 2147483647;
			files = (
				DAA416E518CD3E200052D82B /* Icon copy.PNG in Resources */,
				DA1A39EF18BC66BD00067A0D /* Main_iPad.storyboard in Resources */,
				DAA416DE18CD3E200052D82B /* AppIcon60x60@2x.png in Resources */,
				DAA416D718CD3E200052D82B /* AppIcon40x40.png in Resources */,
				DAA416EA18CD3E200052D82B /* launchTall.png in Resources */,
				DAA416EB18CD3E200052D82B /* send.png in Resources */,
				DA1A39F718BC66BD00067A0D /* Images.xcassets in Resources */,
				DAA416D918CD3E200052D82B /* AppIcon50x50.png in Resources */,
				DAA416E118CD3E200052D82B /* AppIcon76x76.png in Resources */,
				DAA416E318CD3E200052D82B /* iTunesArtwork.png in Resources */,
				DAA416D318CD3E200052D82B /* readme.rtf in Resources */,
				DA1A39EC18BC66BD00067A0D /* Main_iPhone.storyboard in Resources */,
				DA1A39E318BC66BC00067A0D /* InfoPlist.strings in Resources */,
				DAA416ED18CD3E200052D82B /* sentMessage.psd in Resources */,
				DAA416D818CD3E200052D82B /* AppIcon40x40@2x.png in Resources */,
				DAA416E818CD3E200052D82B /* icon-157359_640.png in Resources */,
				DAA416E418CD3E200052D82B /* iTunesArtwork@2x.png in Resources */,
				DAA416DC18CD3E200052D82B /* AppIcon57x57@2x.png in Resources */,
				DAA416EC18CD3E200052D82B /* sentMessage.png in Resources */,
				DAA416DA18CD3E200052D82B /* AppIcon50x50@2x.png in Resources */,
				DAA416E618CD3E200052D82B /* Icon copy.PSB in Resources */,
				DAA416D118CD3E200052D82B /* App Icon Template [3.3].atn in Resources */,
				DAA416D418CD3E200052D82B /* downPlane.png in Resources */,
				DAA416E918CD3E200052D82B /* launchShort.png in Resources */,
				DAA416E718CD3E200052D82B /* Icon copy.PSD in Resources */,
				DAA416EE18CD3E200052D82B /* upPlane.png in Resources */,
				DAA416D518CD3E200052D82B /* AppIcon29x29.png in Resources */,
				DAA416E018CD3E200052D82B /* AppIcon72x72@2x.png in Resources */,
				DAA416E218CD3E200052D82B /* AppIcon76x76@2x.png in Resources */,
				DAA416DD18CD3E200052D82B /* AppIcon60x60.png in Resources */,
				DAA416DF18CD3E200052D82B /* AppIcon72x72.png in Resources */,
				DAA416D018CD3E200052D82B /* airplane.psd in Resources */,
				DAA416DB18CD3E200052D82B /* AppIcon57x57.png in Resources */,
				DAA416D618CD3E200052D82B /* AppIcon29x29@2x.png in Resources */,
				DAA416D218CD3E200052D82B /* App Icon Template [3.3].psd in Resources */,
			);
			runOnlyForDeploymentPostprocessing = 0;
		};
		DA1A39FA18BC66BD00067A0D /* Resources */ = {
			isa = PBXResourcesBuildPhase;
			buildActionMask = 2147483647;
			files = (
				DA1A3A0818BC66BD00067A0D /* InfoPlist.strings in Resources */,
			);
			runOnlyForDeploymentPostprocessing = 0;
		};
/* End PBXResourcesBuildPhase section */

/* Begin PBXSourcesBuildPhase section */
		DA1A39D118BC66BC00067A0D /* Sources */ = {
			isa = PBXSourcesBuildPhase;
			buildActionMask = 2147483647;
			files = (
				DA6648D318C019D300C588F0 /* SubscriptionTableViewController.m in Sources */,
				DA1A39E918BC66BD00067A0D /* AppDelegate.m in Sources */,
				DA66488618C012C700C588F0 /* WordMessages.m in Sources */,
				DA1A39F218BC66BD00067A0D /* FirstViewController.m in Sources */,
				DA1A39E518BC66BC00067A0D /* main.m in Sources */,
				DAA4166E18CBE8B60052D82B /* Word.m in Sources */,
			);
			runOnlyForDeploymentPostprocessing = 0;
		};
		DA1A39F818BC66BD00067A0D /* Sources */ = {
			isa = PBXSourcesBuildPhase;
			buildActionMask = 2147483647;
			files = (
				DA1A3A0A18BC66BD00067A0D /* WordCastTests.m in Sources */,
			);
			runOnlyForDeploymentPostprocessing = 0;
		};
/* End PBXSourcesBuildPhase section */

/* Begin PBXTargetDependency section */
		DA1A3A0218BC66BD00067A0D /* PBXTargetDependency */ = {
			isa = PBXTargetDependency;
			target = DA1A39D418BC66BC00067A0D /* WordCast */;
			targetProxy = DA1A3A0118BC66BD00067A0D /* PBXContainerItemProxy */;
		};
/* End PBXTargetDependency section */

/* Begin PBXVariantGroup section */
		DA1A39E118BC66BC00067A0D /* InfoPlist.strings */ = {
			isa = PBXVariantGroup;
			children = (
				DA1A39E218BC66BC00067A0D /* en */,
			);
			name = InfoPlist.strings;
			sourceTree = "<group>";
		};
		DA1A39EA18BC66BD00067A0D /* Main_iPhone.storyboard */ = {
			isa = PBXVariantGroup;
			children = (
				DA1A39EB18BC66BD00067A0D /* Base */,
			);
			name = Main_iPhone.storyboard;
			sourceTree = "<group>";
		};
		DA1A39ED18BC66BD00067A0D /* Main_iPad.storyboard */ = {
			isa = PBXVariantGroup;
			children = (
				DA1A39EE18BC66BD00067A0D /* Base */,
			);
			name = Main_iPad.storyboard;
			sourceTree = "<group>";
		};
		DA1A3A0618BC66BD00067A0D /* InfoPlist.strings */ = {
			isa = PBXVariantGroup;
			children = (
				DA1A3A0718BC66BD00067A0D /* en */,
			);
			name = InfoPlist.strings;
			sourceTree = "<group>";
		};
/* End PBXVariantGroup section */

/* Begin XCBuildConfiguration section */
		DA1A3A0B18BC66BD00067A0D /* Debug */ = {
			isa = XCBuildConfiguration;
			buildSettings = {
				ALWAYS_SEARCH_USER_PATHS = NO;
				ARCHS = "$(ARCHS_STANDARD_INCLUDING_64_BIT)";
				CLANG_CXX_LANGUAGE_STANDARD = "gnu++0x";
				CLANG_CXX_LIBRARY = "libc++";
				CLANG_ENABLE_MODULES = YES;
				CLANG_ENABLE_OBJC_ARC = YES;
				CLANG_WARN_BOOL_CONVERSION = YES;
				CLANG_WARN_CONSTANT_CONVERSION = YES;
				CLANG_WARN_DIRECT_OBJC_ISA_USAGE = YES_ERROR;
				CLANG_WARN_EMPTY_BODY = YES;
				CLANG_WARN_ENUM_CONVERSION = YES;
				CLANG_WARN_INT_CONVERSION = YES;
				CLANG_WARN_OBJC_ROOT_CLASS = YES_ERROR;
				CLANG_WARN__DUPLICATE_METHOD_MATCH = YES;
				"CODE_SIGN_IDENTITY[sdk=iphoneos*]" = "iPhone Developer";
				COPY_PHASE_STRIP = NO;
				GCC_C_LANGUAGE_STANDARD = gnu99;
				GCC_DYNAMIC_NO_PIC = NO;
				GCC_OPTIMIZATION_LEVEL = 0;
				GCC_PREPROCESSOR_DEFINITIONS = (
					"DEBUG=1",
					"$(inherited)",
				);
				GCC_SYMBOLS_PRIVATE_EXTERN = NO;
				GCC_WARN_64_TO_32_BIT_CONVERSION = YES;
				GCC_WARN_ABOUT_RETURN_TYPE = YES_ERROR;
				GCC_WARN_UNDECLARED_SELECTOR = YES;
				GCC_WARN_UNINITIALIZED_AUTOS = YES;
				GCC_WARN_UNUSED_FUNCTION = YES;
				GCC_WARN_UNUSED_VARIABLE = YES;
				IPHONEOS_DEPLOYMENT_TARGET = 7.0;
				ONLY_ACTIVE_ARCH = YES;
				SDKROOT = iphoneos;
				TARGETED_DEVICE_FAMILY = "1,2";
			};
			name = Debug;
		};
		DA1A3A0C18BC66BD00067A0D /* Release */ = {
			isa = XCBuildConfiguration;
			buildSettings = {
				ALWAYS_SEARCH_USER_PATHS = NO;
				ARCHS = "$(ARCHS_STANDARD_INCLUDING_64_BIT)";
				CLANG_CXX_LANGUAGE_STANDARD = "gnu++0x";
				CLANG_CXX_LIBRARY = "libc++";
				CLANG_ENABLE_MODULES = YES;
				CLANG_ENABLE_OBJC_ARC = YES;
				CLANG_WARN_BOOL_CONVERSION = YES;
				CLANG_WARN_CONSTANT_CONVERSION = YES;
				CLANG_WARN_DIRECT_OBJC_ISA_USAGE = YES_ERROR;
				CLANG_WARN_EMPTY_BODY = YES;
				CLANG_WARN_ENUM_CONVERSION = YES;
				CLANG_WARN_INT_CONVERSION = YES;
				CLANG_WARN_OBJC_ROOT_CLASS = YES_ERROR;
				CLANG_WARN__DUPLICATE_METHOD_MATCH = YES;
				"CODE_SIGN_IDENTITY[sdk=iphoneos*]" = "iPhone Developer";
				COPY_PHASE_STRIP = YES;
				ENABLE_NS_ASSERTIONS = NO;
				GCC_C_LANGUAGE_STANDARD = gnu99;
				GCC_WARN_64_TO_32_BIT_CONVERSION = YES;
				GCC_WARN_ABOUT_RETURN_TYPE = YES_ERROR;
				GCC_WARN_UNDECLARED_SELECTOR = YES;
				GCC_WARN_UNINITIALIZED_AUTOS = YES;
				GCC_WARN_UNUSED_FUNCTION = YES;
				GCC_WARN_UNUSED_VARIABLE = YES;
				IPHONEOS_DEPLOYMENT_TARGET = 7.0;
				SDKROOT = iphoneos;
				TARGETED_DEVICE_FAMILY = "1,2";
				VALIDATE_PRODUCT = YES;
			};
			name = Release;
		};
		DA1A3A0E18BC66BD00067A0D /* Debug */ = {
			isa = XCBuildConfiguration;
			buildSettings = {
				ASSETCATALOG_COMPILER_APPICON_NAME = AppIcon;
				ASSETCATALOG_COMPILER_LAUNCHIMAGE_NAME = LaunchImage;
				CODE_SIGN_IDENTITY = "iPhone Distribution: Anders Nattestad (97Z5KLX4T8)";
				FRAMEWORK_SEARCH_PATHS = (
					"$(inherited)",
					"/Users/thomasnat1/Google\\ Drive/side\\ projects/WordCast",
				);
				GCC_PRECOMPILE_PREFIX_HEADER = YES;
				GCC_PREFIX_HEADER = "WordCast/WordCast-Prefix.pch";
				INFOPLIST_FILE = "WordCast/WordCast-Info.plist";
				OTHER_LDFLAGS = "-ObjC";
				PRODUCT_NAME = "$(TARGET_NAME)";
				PROVISIONING_PROFILE = "E8622AB9-CF91-4E12-B1AC-B6513E6E9608";
				TARGETED_DEVICE_FAMILY = 1;
				WRAPPER_EXTENSION = app;
			};
			name = Debug;
		};
		DA1A3A0F18BC66BD00067A0D /* Release */ = {
			isa = XCBuildConfiguration;
			buildSettings = {
				ASSETCATALOG_COMPILER_APPICON_NAME = AppIcon;
				ASSETCATALOG_COMPILER_LAUNCHIMAGE_NAME = LaunchImage;
				CODE_SIGN_IDENTITY = "iPhone Distribution: Anders Nattestad (97Z5KLX4T8)";
				FRAMEWORK_SEARCH_PATHS = (
					"$(inherited)",
					"/Users/thomasnat1/Google\\ Drive/side\\ projects/WordCast",
				);
				GCC_PRECOMPILE_PREFIX_HEADER = YES;
				GCC_PREFIX_HEADER = "WordCast/WordCast-Prefix.pch";
				INFOPLIST_FILE = "WordCast/WordCast-Info.plist";
				OTHER_LDFLAGS = "-ObjC";
				PRODUCT_NAME = "$(TARGET_NAME)";
				PROVISIONING_PROFILE = "E8622AB9-CF91-4E12-B1AC-B6513E6E9608";
				TARGETED_DEVICE_FAMILY = 1;
				WRAPPER_EXTENSION = app;
			};
			name = Release;
		};
		DA1A3A1118BC66BD00067A0D /* Debug */ = {
			isa = XCBuildConfiguration;
			buildSettings = {
				ARCHS = "$(ARCHS_STANDARD_INCLUDING_64_BIT)";
				BUNDLE_LOADER = "$(BUILT_PRODUCTS_DIR)/WordCast.app/WordCast";
				FRAMEWORK_SEARCH_PATHS = (
					"$(SDKROOT)/Developer/Library/Frameworks",
					"$(inherited)",
					"$(DEVELOPER_FRAMEWORKS_DIR)",
				);
				GCC_PRECOMPILE_PREFIX_HEADER = YES;
				GCC_PREFIX_HEADER = "WordCast/WordCast-Prefix.pch";
				GCC_PREPROCESSOR_DEFINITIONS = (
					"DEBUG=1",
					"$(inherited)",
				);
				INFOPLIST_FILE = "WordCastTests/WordCastTests-Info.plist";
				PRODUCT_NAME = "$(TARGET_NAME)";
				TEST_HOST = "$(BUNDLE_LOADER)";
				WRAPPER_EXTENSION = xctest;
			};
			name = Debug;
		};
		DA1A3A1218BC66BD00067A0D /* Release */ = {
			isa = XCBuildConfiguration;
			buildSettings = {
				ARCHS = "$(ARCHS_STANDARD_INCLUDING_64_BIT)";
				BUNDLE_LOADER = "$(BUILT_PRODUCTS_DIR)/WordCast.app/WordCast";
				FRAMEWORK_SEARCH_PATHS = (
					"$(SDKROOT)/Developer/Library/Frameworks",
					"$(inherited)",
					"$(DEVELOPER_FRAMEWORKS_DIR)",
				);
				GCC_PRECOMPILE_PREFIX_HEADER = YES;
				GCC_PREFIX_HEADER = "WordCast/WordCast-Prefix.pch";
				INFOPLIST_FILE = "WordCastTests/WordCastTests-Info.plist";
				PRODUCT_NAME = "$(TARGET_NAME)";
				TEST_HOST = "$(BUNDLE_LOADER)";
				WRAPPER_EXTENSION = xctest;
			};
			name = Release;
		};
/* End XCBuildConfiguration section */

/* Begin XCConfigurationList section */
		DA1A39D018BC66BC00067A0D /* Build configuration list for PBXProject "WordCast" */ = {
			isa = XCConfigurationList;
			buildConfigurations = (
				DA1A3A0B18BC66BD00067A0D /* Debug */,
				DA1A3A0C18BC66BD00067A0D /* Release */,
			);
			defaultConfigurationIsVisible = 0;
			defaultConfigurationName = Release;
		};
		DA1A3A0D18BC66BD00067A0D /* Build configuration list for PBXNativeTarget "WordCast" */ = {
			isa = XCConfigurationList;
			buildConfigurations = (
				DA1A3A0E18BC66BD00067A0D /* Debug */,
				DA1A3A0F18BC66BD00067A0D /* Release */,
			);
			defaultConfigurationIsVisible = 0;
			defaultConfigurationName = Release;
		};
		DA1A3A1018BC66BD00067A0D /* Build configuration list for PBXNativeTarget "WordCastTests" */ = {
			isa = XCConfigurationList;
			buildConfigurations = (
				DA1A3A1118BC66BD00067A0D /* Debug */,
				DA1A3A1218BC66BD00067A0D /* Release */,
			);
			defaultConfigurationIsVisible = 0;
			defaultConfigurationName = Release;
		};
/* End XCConfigurationList section */
	};
	rootObject = DA1A39CD18BC66BC00067A0D /* Project object */;
}
